{
  "name": "dgd",
  "version": "1.0.0",
  "lockfileVersion": 1,
  "requires": true,
  "dependencies": {
    "@vant/weapp": {
      "version": "1.2.2",
      "resolved": "https://registry.npmjs.org/@vant/weapp/-/weapp-1.2.2.tgz",
      "integrity": "sha512-OehtmKN1PewwZRv0S+e9wFWSotNJRiFegOwRhcQ/y2H85Rqs1BPK2z0U+XZnOeJqGkituaqvRkSCOzmK13uTXw=="
    },
    "apifm-wxapi": {
      "version": "3.8.0",
      "resolved": "https://registry.npmjs.org/apifm-wxapi/-/apifm-wxapi-3.8.0.tgz",
      "integrity": "sha512-a3HwzsDuWWD8yymIRSNBGhVqKxzafcuTk7G49ISWaXXawfPETNV1ZwOpS/r/laUjIVcYL2gX3M4EPR1rV1NrEg=="
    },
    "wxbarcode": {
      "version": "1.0.2",
      "resolved": "https://registry.npmjs.org/wxbarcode/-/wxbarcode-1.0.2.tgz",
      "integrity": "sha1-zgLjSP8AYwHZIBd21sn1rZATFLU="
    }
  }
}
